// !$*UTF8*$!
{
	archiveVersion = 1;
	classes = {
	};
	objectVersion = 50;
	objects = {

/* Begin PBXBuildFile section */
		5D3CD46D20A3099800600F43 /* kai_tests.c in Sources */ = {isa = PBXBuildFile; fileRef = 5D3CD46C20A3099800600F43 /* kai_tests.c */; };
		B249A256209B80CA0016B49E /* main.c in Sources */ = {isa = PBXBuildFile; fileRef = B249A255209B80CA0016B49E /* main.c */; };
		B25AB23A20B994C4002E1440 /* llvm.cpp in Sources */ = {isa = PBXBuildFile; fileRef = B25AB22E20B987D1002E1440 /* llvm.cpp */; settings = {COMPILER_FLAGS = "$(LLVM_CXXFLAGS)"; }; };
/* End PBXBuildFile section */

/* Begin PBXCopyFilesBuildPhase section */
		5D3CD46220A308C500600F43 /* CopyFiles */ = {
			isa = PBXCopyFilesBuildPhase;
			buildActionMask = 2147483647;
			dstPath = /usr/share/man/man1/;
			dstSubfolderSpec = 0;
			files = (
			);
			runOnlyForDeploymentPostprocessing = 1;
		};
		B2194999209B79E0007BB781 /* CopyFiles */ = {
			isa = PBXCopyFilesBuildPhase;
			buildActionMask = 2147483647;
			dstPath = /usr/share/man/man1/;
			dstSubfolderSpec = 0;
			files = (
			);
			runOnlyForDeploymentPostprocessing = 1;
		};
/* End PBXCopyFilesBuildPhase section */

/* Begin PBXFileReference section */
		5D3CD46420A308C500600F43 /* kai-tests */ = {isa = PBXFileReference; explicitFileType = "compiled.mach-o.executable"; includeInIndex = 0; path = "kai-tests"; sourceTree = BUILT_PRODUCTS_DIR; };
		5D3CD46C20A3099800600F43 /* kai_tests.c */ = {isa = PBXFileReference; fileEncoding = 4; lastKnownFileType = sourcecode.c.c; path = kai_tests.c; sourceTree = "<group>"; };
		5D5612AD20ABA02E00E2F4E8 /* targets.c */ = {isa = PBXFileReference; lastKnownFileType = sourcecode.c.c; name = targets.c; path = src/targets.c; sourceTree = "<group>"; };
		5D5612AE20ABAD5B00E2F4E8 /* os.c */ = {isa = PBXFileReference; lastKnownFileType = sourcecode.c.c; name = os.c; path = src/os.c; sourceTree = "<group>"; };
		5D59D64F20B2F98900637EDF /* symbols.c */ = {isa = PBXFileReference; lastKnownFileType = sourcecode.c.c; name = symbols.c; path = src/symbols.c; sourceTree = "<group>"; };
		5D9C729920A5E7C400755A1B /* flags.c */ = {isa = PBXFileReference; lastKnownFileType = sourcecode.c.c; name = flags.c; path = src/flags.c; sourceTree = "<group>"; };
		5DA7CA2720A9653F00E4640D /* ast.c */ = {isa = PBXFileReference; lastKnownFileType = sourcecode.c.c; name = ast.c; path = src/ast.c; sourceTree = "<group>"; };
		5DA7CA2820A9655F00E4640D /* compiler.c */ = {isa = PBXFileReference; fileEncoding = 4; lastKnownFileType = sourcecode.c.c; name = compiler.c; path = src/compiler.c; sourceTree = "<group>"; };
		5DA7CA2B20A96F3000E4640D /* error.c */ = {isa = PBXFileReference; lastKnownFileType = sourcecode.c.c; name = error.c; path = src/error.c; sourceTree = "<group>"; };
		5DA7CA2C20A9A83D00E4640D /* queue.c */ = {isa = PBXFileReference; lastKnownFileType = sourcecode.c.c; name = queue.c; path = src/queue.c; sourceTree = "<group>"; };
		5DBC259B20BC133A0086904A /* gen_test_main.sh */ = {isa = PBXFileReference; lastKnownFileType = text.script.sh; path = gen_test_main.sh; sourceTree = "<group>"; };
		5DBC259C20BC133A0086904A /* gen_llvm_xcconfig.sh */ = {isa = PBXFileReference; lastKnownFileType = text.script.sh; path = gen_llvm_xcconfig.sh; sourceTree = "<group>"; };
		5DBC259D20BC14060086904A /* LLVM.xcconfig */ = {isa = PBXFileReference; lastKnownFileType = text.xcconfig; path = LLVM.xcconfig; sourceTree = "<group>"; };
		B219499B209B79E0007BB781 /* kai */ = {isa = PBXFileReference; explicitFileType = "compiled.mach-o.executable"; includeInIndex = 0; path = kai; sourceTree = BUILT_PRODUCTS_DIR; };
		B249A255209B80CA0016B49E /* main.c */ = {isa = PBXFileReference; fileEncoding = 4; lastKnownFileType = sourcecode.c.c; name = main.c; path = src/main.c; sourceTree = "<group>"; };
		B249A257209B80E00016B49E /* checker.c */ = {isa = PBXFileReference; fileEncoding = 4; lastKnownFileType = sourcecode.c.c; name = checker.c; path = src/checker.c; sourceTree = "<group>"; };
		B249A258209B80E00016B49E /* lexer.c */ = {isa = PBXFileReference; fileEncoding = 4; lastKnownFileType = sourcecode.c.c; name = lexer.c; path = src/lexer.c; sourceTree = "<group>"; };
		B249A259209B80E00016B49E /* parser.c */ = {isa = PBXFileReference; fileEncoding = 4; lastKnownFileType = sourcecode.c.c; name = parser.c; path = src/parser.c; sourceTree = "<group>"; };
		B249A25A209B80E00016B49E /* map.c */ = {isa = PBXFileReference; fileEncoding = 4; lastKnownFileType = sourcecode.c.c; name = map.c; path = src/map.c; sourceTree = "<group>"; };
		B249A25B209B80E00016B49E /* types.c */ = {isa = PBXFileReference; fileEncoding = 4; lastKnownFileType = sourcecode.c.c; name = types.c; path = src/types.c; sourceTree = "<group>"; };
		B249A25C209B80E00016B49E /* common.c */ = {isa = PBXFileReference; fileEncoding = 4; lastKnownFileType = sourcecode.c.c; name = common.c; path = src/common.c; sourceTree = "<group>"; };
		B249A25E209B80E00016B49E /* string.c */ = {isa = PBXFileReference; fileEncoding = 4; lastKnownFileType = sourcecode.c.c; name = string.c; path = src/string.c; sourceTree = "<group>"; };
		B249A25F209B80E00016B49E /* utf.c */ = {isa = PBXFileReference; fileEncoding = 4; lastKnownFileType = sourcecode.c.c; name = utf.c; path = src/utf.c; sourceTree = "<group>"; };
		B249A260209B80E10016B49E /* array.c */ = {isa = PBXFileReference; fileEncoding = 4; lastKnownFileType = sourcecode.c.c; name = array.c; path = src/array.c; sourceTree = "<group>"; };
		B25AB22520B987D0002E1440 /* array.h */ = {isa = PBXFileReference; fileEncoding = 4; lastKnownFileType = sourcecode.c.h; name = array.h; path = src/array.h; sourceTree = "<group>"; };
		B25AB22620B987D0002E1440 /* ast.h */ = {isa = PBXFileReference; fileEncoding = 4; lastKnownFileType = sourcecode.c.h; name = ast.h; path = src/ast.h; sourceTree = "<group>"; };
		B25AB22720B987D0002E1440 /* common.h */ = {isa = PBXFileReference; fileEncoding = 4; lastKnownFileType = sourcecode.c.h; name = common.h; path = src/common.h; sourceTree = "<group>"; };
		B25AB22820B987D1002E1440 /* flags.h */ = {isa = PBXFileReference; fileEncoding = 4; lastKnownFileType = sourcecode.c.h; name = flags.h; path = src/flags.h; sourceTree = "<group>"; };
		B25AB22920B987D1002E1440 /* symbols.h */ = {isa = PBXFileReference; fileEncoding = 4; lastKnownFileType = sourcecode.c.h; name = symbols.h; path = src/symbols.h; sourceTree = "<group>"; };
		B25AB22A20B987D1002E1440 /* lexer.h */ = {isa = PBXFileReference; fileEncoding = 4; lastKnownFileType = sourcecode.c.h; name = lexer.h; path = src/lexer.h; sourceTree = "<group>"; };
		B25AB22B20B987D1002E1440 /* checker.h */ = {isa = PBXFileReference; fileEncoding = 4; lastKnownFileType = sourcecode.c.h; name = checker.h; path = src/checker.h; sourceTree = "<group>"; };
		B25AB22C20B987D1002E1440 /* types.h */ = {isa = PBXFileReference; fileEncoding = 4; lastKnownFileType = sourcecode.c.h; name = types.h; path = src/types.h; sourceTree = "<group>"; };
		B25AB22D20B987D1002E1440 /* map.h */ = {isa = PBXFileReference; fileEncoding = 4; lastKnownFileType = sourcecode.c.h; name = map.h; path = src/map.h; sourceTree = "<group>"; };
		B25AB22E20B987D1002E1440 /* llvm.cpp */ = {isa = PBXFileReference; fileEncoding = 4; lastKnownFileType = sourcecode.cpp.cpp; name = llvm.cpp; path = src/llvm.cpp; sourceTree = "<group>"; };
		B25AB22F20B987D1002E1440 /* llvm.h */ = {isa = PBXFileReference; fileEncoding = 4; lastKnownFileType = sourcecode.c.h; name = llvm.h; path = src/llvm.h; sourceTree = "<group>"; };
		B25AB23020B987D2002E1440 /* compiler.h */ = {isa = PBXFileReference; fileEncoding = 4; lastKnownFileType = sourcecode.c.h; name = compiler.h; path = src/compiler.h; sourceTree = "<group>"; };
/* End PBXFileReference section */

/* Begin PBXFrameworksBuildPhase section */
		5D3CD46120A308C500600F43 /* Frameworks */ = {
			isa = PBXFrameworksBuildPhase;
			buildActionMask = 2147483647;
			files = (
			);
			runOnlyForDeploymentPostprocessing = 0;
		};
		B2194998209B79E0007BB781 /* Frameworks */ = {
			isa = PBXFrameworksBuildPhase;
			buildActionMask = 2147483647;
			files = (
			);
			runOnlyForDeploymentPostprocessing = 0;
		};
/* End PBXFrameworksBuildPhase section */

/* Begin PBXGroup section */
		5DBC259A20BC133A0086904A /* tools */ = {
			isa = PBXGroup;
			children = (
				5DBC259D20BC14060086904A /* LLVM.xcconfig */,
				5DBC259B20BC133A0086904A /* gen_test_main.sh */,
				5DBC259C20BC133A0086904A /* gen_llvm_xcconfig.sh */,
			);
			path = tools;
			sourceTree = "<group>";
		};
		B2194992209B79E0007BB781 = {
			isa = PBXGroup;
			children = (
				5DBC259A20BC133A0086904A /* tools */,
				B25AB22520B987D0002E1440 /* array.h */,
				B25AB22620B987D0002E1440 /* ast.h */,
				B25AB22B20B987D1002E1440 /* checker.h */,
				B25AB22720B987D0002E1440 /* common.h */,
				B25AB23020B987D2002E1440 /* compiler.h */,
				B25AB22820B987D1002E1440 /* flags.h */,
				B25AB22A20B987D1002E1440 /* lexer.h */,
				B25AB22E20B987D1002E1440 /* llvm.cpp */,
				B25AB22F20B987D1002E1440 /* llvm.h */,
				B25AB22D20B987D1002E1440 /* map.h */,
				B25AB22920B987D1002E1440 /* symbols.h */,
				B25AB22C20B987D1002E1440 /* types.h */,
				5D5612AE20ABAD5B00E2F4E8 /* os.c */,
				5D5612AD20ABA02E00E2F4E8 /* targets.c */,
				B249A260209B80E10016B49E /* array.c */,
				B249A257209B80E00016B49E /* checker.c */,
				B249A25B209B80E00016B49E /* types.c */,
				5D59D64F20B2F98900637EDF /* symbols.c */,
				5DA7CA2820A9655F00E4640D /* compiler.c */,
				5DA7CA2C20A9A83D00E4640D /* queue.c */,
				B249A25C209B80E00016B49E /* common.c */,
				5DA7CA2B20A96F3000E4640D /* error.c */,
				5D9C729920A5E7C400755A1B /* flags.c */,
				B249A258209B80E00016B49E /* lexer.c */,
				B249A25A209B80E00016B49E /* map.c */,
				5DA7CA2720A9653F00E4640D /* ast.c */,
				B249A259209B80E00016B49E /* parser.c */,
				B249A25E209B80E00016B49E /* string.c */,
				B249A25F209B80E00016B49E /* utf.c */,
				B249A255209B80CA0016B49E /* main.c */,
				5D3CD46C20A3099800600F43 /* kai_tests.c */,
				B219499C209B79E0007BB781 /* Products */,
			);
			sourceTree = "<group>";
		};
		B219499C209B79E0007BB781 /* Products */ = {
			isa = PBXGroup;
			children = (
				B219499B209B79E0007BB781 /* kai */,
				5D3CD46420A308C500600F43 /* kai-tests */,
			);
			name = Products;
			sourceTree = "<group>";
		};
/* End PBXGroup section */

/* Begin PBXNativeTarget section */
		5D3CD46320A308C500600F43 /* kai-tests */ = {
			isa = PBXNativeTarget;
			buildConfigurationList = 5D3CD46A20A308C500600F43 /* Build configuration list for PBXNativeTarget "kai-tests" */;
			buildPhases = (
				5D3CD46B20A3091000600F43 /* ShellScript */,
				5D3CD46020A308C500600F43 /* Sources */,
				5D3CD46120A308C500600F43 /* Frameworks */,
				5D3CD46220A308C500600F43 /* CopyFiles */,
			);
			buildRules = (
			);
			dependencies = (
			);
			name = "kai-tests";
			productName = "kai-tests";
			productReference = 5D3CD46420A308C500600F43 /* kai-tests */;
			productType = "com.apple.product-type.tool";
		};
		B219499A209B79E0007BB781 /* kai */ = {
			isa = PBXNativeTarget;
			buildConfigurationList = B21949A2209B79E0007BB781 /* Build configuration list for PBXNativeTarget "kai" */;
			buildPhases = (
				B25AB23B20B9952F002E1440 /* ShellScript */,
				B2194997209B79E0007BB781 /* Sources */,
				B2194998209B79E0007BB781 /* Frameworks */,
				B2194999209B79E0007BB781 /* CopyFiles */,
			);
			buildRules = (
			);
			dependencies = (
			);
			name = kai;
			productName = KaiC;
			productReference = B219499B209B79E0007BB781 /* kai */;
			productType = "com.apple.product-type.tool";
		};
/* End PBXNativeTarget section */

/* Begin PBXProject section */
		B2194993209B79E0007BB781 /* Project object */ = {
			isa = PBXProject;
			attributes = {
				LastUpgradeCheck = 0930;
				ORGANIZATIONNAME = "Brett Toomey";
				TargetAttributes = {
					5D3CD46320A308C500600F43 = {
						CreatedOnToolsVersion = 9.3;
					};
					B219499A209B79E0007BB781 = {
						CreatedOnToolsVersion = 9.3;
					};
				};
			};
			buildConfigurationList = B2194996209B79E0007BB781 /* Build configuration list for PBXProject "kai" */;
			compatibilityVersion = "Xcode 9.3";
			developmentRegion = en;
			hasScannedForEncodings = 0;
			knownRegions = (
				en,
			);
			mainGroup = B2194992209B79E0007BB781;
			productRefGroup = B219499C209B79E0007BB781 /* Products */;
			projectDirPath = "";
			projectRoot = "";
			targets = (
				B219499A209B79E0007BB781 /* kai */,
				5D3CD46320A308C500600F43 /* kai-tests */,
			);
		};
/* End PBXProject section */

/* Begin PBXShellScriptBuildPhase section */
		5D3CD46B20A3091000600F43 /* ShellScript */ = {
			isa = PBXShellScriptBuildPhase;
			buildActionMask = 2147483647;
			files = (
			);
			inputPaths = (
			);
			outputPaths = (
			);
			runOnlyForDeploymentPostprocessing = 0;
			shellPath = /bin/sh;
			shellScript = "cd $SRCROOT\n./tools/gen_test_main.sh > kai_tests.c";
		};
		B25AB23B20B9952F002E1440 /* ShellScript */ = {
			isa = PBXShellScriptBuildPhase;
			buildActionMask = 2147483647;
			files = (
			);
			inputPaths = (
			);
			outputPaths = (
			);
			runOnlyForDeploymentPostprocessing = 0;
			shellPath = /bin/sh;
			shellScript = "cd $SRCROOT\n./tools/gen_test_main.sh > kai_tests.c\n./tools/gen_llvm_xcconfig.sh > tools/LLVM.xcconfig";
		};
/* End PBXShellScriptBuildPhase section */

/* Begin PBXSourcesBuildPhase section */
		5D3CD46020A308C500600F43 /* Sources */ = {
			isa = PBXSourcesBuildPhase;
			buildActionMask = 2147483647;
			files = (
				5D3CD46D20A3099800600F43 /* kai_tests.c in Sources */,
			);
			runOnlyForDeploymentPostprocessing = 0;
		};
		B2194997209B79E0007BB781 /* Sources */ = {
			isa = PBXSourcesBuildPhase;
			buildActionMask = 2147483647;
			files = (
				B25AB23A20B994C4002E1440 /* llvm.cpp in Sources */,
				B249A256209B80CA0016B49E /* main.c in Sources */,
			);
			runOnlyForDeploymentPostprocessing = 0;
		};
/* End PBXSourcesBuildPhase section */

/* Begin XCBuildConfiguration section */
		5D3CD46820A308C500600F43 /* Debug */ = {
			isa = XCBuildConfiguration;
			baseConfigurationReference = 5DBC259D20BC14060086904A /* LLVM.xcconfig */;
			buildSettings = {
				CODE_SIGN_IDENTITY = "-";
				CODE_SIGN_STYLE = Automatic;
				DEVELOPMENT_TEAM = "";
				GCC_C_LANGUAGE_STANDARD = c11;
				MACOSX_DEPLOYMENT_TARGET = 10.13;
				OTHER_CFLAGS = (
					"-DTEST",
					"-DNO_COLOR",
				);
				PRODUCT_NAME = "$(TARGET_NAME)";
			};
			name = Debug;
		};
		5D3CD46920A308C500600F43 /* Release */ = {
			isa = XCBuildConfiguration;
			baseConfigurationReference = 5DBC259D20BC14060086904A /* LLVM.xcconfig */;
			buildSettings = {
				CODE_SIGN_IDENTITY = "-";
				CODE_SIGN_STYLE = Automatic;
				DEVELOPMENT_TEAM = "";
				GCC_C_LANGUAGE_STANDARD = c11;
				MACOSX_DEPLOYMENT_TARGET = 10.13;
				OTHER_CFLAGS = (
					"-DTEST",
					"-DNO_COLOR",
				);
				PRODUCT_NAME = "$(TARGET_NAME)";
			};
			name = Release;
		};
		B21949A0209B79E0007BB781 /* Debug */ = {
			isa = XCBuildConfiguration;
			baseConfigurationReference = 5DBC259D20BC14060086904A /* LLVM.xcconfig */;
			buildSettings = {
				ALWAYS_SEARCH_USER_PATHS = NO;
				CLANG_ANALYZER_NONNULL = YES;
				CLANG_ANALYZER_NUMBER_OBJECT_CONVERSION = YES_AGGRESSIVE;
				CLANG_CXX_LANGUAGE_STANDARD = "gnu++14";
				CLANG_CXX_LIBRARY = "libc++";
				CLANG_ENABLE_MODULES = YES;
				CLANG_ENABLE_OBJC_ARC = YES;
				CLANG_ENABLE_OBJC_WEAK = YES;
				CLANG_WARN_BLOCK_CAPTURE_AUTORELEASING = YES;
				CLANG_WARN_BOOL_CONVERSION = YES;
				CLANG_WARN_COMMA = YES;
				CLANG_WARN_CONSTANT_CONVERSION = YES;
				CLANG_WARN_DEPRECATED_OBJC_IMPLEMENTATIONS = YES;
				CLANG_WARN_DIRECT_OBJC_ISA_USAGE = YES_ERROR;
				CLANG_WARN_DOCUMENTATION_COMMENTS = YES;
				CLANG_WARN_EMPTY_BODY = YES;
				CLANG_WARN_ENUM_CONVERSION = YES;
				CLANG_WARN_INFINITE_RECURSION = YES;
				CLANG_WARN_INT_CONVERSION = YES;
				CLANG_WARN_NON_LITERAL_NULL_CONVERSION = YES;
				CLANG_WARN_OBJC_IMPLICIT_RETAIN_SELF = YES;
				CLANG_WARN_OBJC_LITERAL_CONVERSION = YES;
				CLANG_WARN_OBJC_ROOT_CLASS = YES_ERROR;
				CLANG_WARN_RANGE_LOOP_ANALYSIS = YES;
				CLANG_WARN_STRICT_PROTOTYPES = YES;
				CLANG_WARN_SUSPICIOUS_MOVE = YES;
				CLANG_WARN_UNGUARDED_AVAILABILITY = YES_AGGRESSIVE;
				CLANG_WARN_UNREACHABLE_CODE = YES;
				CLANG_WARN__DUPLICATE_METHOD_MATCH = YES;
				CODE_SIGN_IDENTITY = "-";
				COPY_PHASE_STRIP = NO;
				DEBUG_INFORMATION_FORMAT = dwarf;
				ENABLE_STRICT_OBJC_MSGSEND = YES;
				ENABLE_TESTABILITY = YES;
				GCC_C_LANGUAGE_STANDARD = gnu11;
				GCC_DYNAMIC_NO_PIC = NO;
				GCC_NO_COMMON_BLOCKS = YES;
				GCC_OPTIMIZATION_LEVEL = 0;
				GCC_PREPROCESSOR_DEFINITIONS = (
					"DEBUG=1",
					"$(inherited)",
				);
				GCC_WARN_64_TO_32_BIT_CONVERSION = YES;
				GCC_WARN_ABOUT_RETURN_TYPE = YES_ERROR;
				GCC_WARN_UNDECLARED_SELECTOR = YES;
				GCC_WARN_UNINITIALIZED_AUTOS = YES_AGGRESSIVE;
				GCC_WARN_UNUSED_FUNCTION = YES;
				GCC_WARN_UNUSED_VARIABLE = YES;
				MACOSX_DEPLOYMENT_TARGET = 10.13;
				MTL_ENABLE_DEBUG_INFO = YES;
				ONLY_ACTIVE_ARCH = YES;
				SDKROOT = macosx;
			};
			name = Debug;
		};
		B21949A1209B79E0007BB781 /* Release */ = {
			isa = XCBuildConfiguration;
			baseConfigurationReference = 5DBC259D20BC14060086904A /* LLVM.xcconfig */;
			buildSettings = {
				ALWAYS_SEARCH_USER_PATHS = NO;
				CLANG_ANALYZER_NONNULL = YES;
				CLANG_ANALYZER_NUMBER_OBJECT_CONVERSION = YES_AGGRESSIVE;
				CLANG_CXX_LANGUAGE_STANDARD = "gnu++14";
				CLANG_CXX_LIBRARY = "libc++";
				CLANG_ENABLE_MODULES = YES;
				CLANG_ENABLE_OBJC_ARC = YES;
				CLANG_ENABLE_OBJC_WEAK = YES;
				CLANG_WARN_BLOCK_CAPTURE_AUTORELEASING = YES;
				CLANG_WARN_BOOL_CONVERSION = YES;
				CLANG_WARN_COMMA = YES;
				CLANG_WARN_CONSTANT_CONVERSION = YES;
				CLANG_WARN_DEPRECATED_OBJC_IMPLEMENTATIONS = YES;
				CLANG_WARN_DIRECT_OBJC_ISA_USAGE = YES_ERROR;
				CLANG_WARN_DOCUMENTATION_COMMENTS = YES;
				CLANG_WARN_EMPTY_BODY = YES;
				CLANG_WARN_ENUM_CONVERSION = YES;
				CLANG_WARN_INFINITE_RECURSION = YES;
				CLANG_WARN_INT_CONVERSION = YES;
				CLANG_WARN_NON_LITERAL_NULL_CONVERSION = YES;
				CLANG_WARN_OBJC_IMPLICIT_RETAIN_SELF = YES;
				CLANG_WARN_OBJC_LITERAL_CONVERSION = YES;
				CLANG_WARN_OBJC_ROOT_CLASS = YES_ERROR;
				CLANG_WARN_RANGE_LOOP_ANALYSIS = YES;
				CLANG_WARN_STRICT_PROTOTYPES = YES;
				CLANG_WARN_SUSPICIOUS_MOVE = YES;
				CLANG_WARN_UNGUARDED_AVAILABILITY = YES_AGGRESSIVE;
				CLANG_WARN_UNREACHABLE_CODE = YES;
				CLANG_WARN__DUPLICATE_METHOD_MATCH = YES;
				CODE_SIGN_IDENTITY = "-";
				COPY_PHASE_STRIP = NO;
				DEBUG_INFORMATION_FORMAT = "dwarf-with-dsym";
				ENABLE_NS_ASSERTIONS = NO;
				ENABLE_STRICT_OBJC_MSGSEND = YES;
				GCC_C_LANGUAGE_STANDARD = gnu11;
				GCC_NO_COMMON_BLOCKS = YES;
				GCC_WARN_64_TO_32_BIT_CONVERSION = YES;
				GCC_WARN_ABOUT_RETURN_TYPE = YES_ERROR;
				GCC_WARN_UNDECLARED_SELECTOR = YES;
				GCC_WARN_UNINITIALIZED_AUTOS = YES_AGGRESSIVE;
				GCC_WARN_UNUSED_FUNCTION = YES;
				GCC_WARN_UNUSED_VARIABLE = YES;
				MACOSX_DEPLOYMENT_TARGET = 10.13;
				MTL_ENABLE_DEBUG_INFO = NO;
				SDKROOT = macosx;
			};
			name = Release;
		};
		B21949A3209B79E0007BB781 /* Debug */ = {
			isa = XCBuildConfiguration;
			baseConfigurationReference = 5DBC259D20BC14060086904A /* LLVM.xcconfig */;
			buildSettings = {
				CODE_SIGN_STYLE = Automatic;
				GCC_C_LANGUAGE_STANDARD = c11;
				GCC_WARN_CHECK_SWITCH_STATEMENTS = NO;
				MACOSX_DEPLOYMENT_TARGET = 10.13;
				OTHER_CFLAGS = (
					"-Wno-c99-extensions",
					"-Wno-c11-extensions",
					"-Wno-switch",
					"-g",
					"-O0",
					"-DDEBUG",
					"-DDIAGNOSTICS",
					"-DSLOW",
				);
				OTHER_CPLUSPLUSFLAGS = (
					"$(OTHER_CFLAGS)",
					"-Wno-writable-strings",
					"-Wno-switch",
				);
				OTHER_LDFLAGS = "$(LLVM_CXXLDFLAGS)";
				PRODUCT_NAME = "$(TARGET_NAME)";
			};
			name = Debug;
		};
		B21949A4209B79E0007BB781 /* Release */ = {
			isa = XCBuildConfiguration;
			baseConfigurationReference = 5DBC259D20BC14060086904A /* LLVM.xcconfig */;
			buildSettings = {
				CODE_SIGN_STYLE = Automatic;
				GCC_C_LANGUAGE_STANDARD = c11;
				GCC_WARN_CHECK_SWITCH_STATEMENTS = NO;
				MACOSX_DEPLOYMENT_TARGET = 10.13;
				OTHER_CFLAGS = (
					"-Wno-c99-extensions",
					"-Wno-c11-extensions",
					"-Wno-switch",
					"-O3",
					"-march=native",
					"-DRELEASE",
					"-DFAST",
				);
				OTHER_CPLUSPLUSFLAGS = (
					"$(OTHER_CFLAGS)",
					"-Wno-writable-strings",
					"-Wno-switch",
				);
				OTHER_LDFLAGS = "$(LLVM_CXXLDFLAGS)";
				PRODUCT_NAME = "$(TARGET_NAME)";
			};
			name = Release;
		};
/* End XCBuildConfiguration section */

/* Begin XCConfigurationList section */
		5D3CD46A20A308C500600F43 /* Build configuration list for PBXNativeTarget "kai-tests" */ = {
			isa = XCConfigurationList;
			buildConfigurations = (
				5D3CD46820A308C500600F43 /* Debug */,
				5D3CD46920A308C500600F43 /* Release */,
			);
			defaultConfigurationIsVisible = 0;
			defaultConfigurationName = Release;
		};
		B2194996209B79E0007BB781 /* Build configuration list for PBXProject "kai" */ = {
			isa = XCConfigurationList;
			buildConfigurations = (
				B21949A0209B79E0007BB781 /* Debug */,
				B21949A1209B79E0007BB781 /* Release */,
			);
			defaultConfigurationIsVisible = 0;
			defaultConfigurationName = Release;
		};
		B21949A2209B79E0007BB781 /* Build configuration list for PBXNativeTarget "kai" */ = {
			isa = XCConfigurationList;
			buildConfigurations = (
				B21949A3209B79E0007BB781 /* Debug */,
				B21949A4209B79E0007BB781 /* Release */,
			);
			defaultConfigurationIsVisible = 0;
			defaultConfigurationName = Release;
		};
/* End XCConfigurationList section */
	};
	rootObject = B2194993209B79E0007BB781 /* Project object */;
}
