// !$*UTF8*$!
{
	archiveVersion = 1;
	classes = {
	};
	objectVersion = 50;
	objects = {

/* Begin PBXBuildFile section */
		B249A256209B80CA0016B49E /* main.cpp in Sources */ = {isa = PBXBuildFile; fileRef = B249A255209B80CA0016B49E /* main.cpp */; };
/* End PBXBuildFile section */

/* Begin PBXCopyFilesBuildPhase section */
		5D3CD46220A308C500600F43 /* CopyFiles */ = {
			isa = PBXCopyFilesBuildPhase;
			buildActionMask = 2147483647;
			dstPath = /usr/share/man/man1/;
			dstSubfolderSpec = 0;
			files = (
			);
			runOnlyForDeploymentPostprocessing = 1;
		};
		B2194999209B79E0007BB781 /* CopyFiles */ = {
			isa = PBXCopyFilesBuildPhase;
			buildActionMask = 2147483647;
			dstPath = /usr/share/man/man1/;
			dstSubfolderSpec = 0;
			files = (
			);
			runOnlyForDeploymentPostprocessing = 1;
		};
/* End PBXCopyFilesBuildPhase section */

/* Begin PBXFileReference section */
		5D3CD46420A308C500600F43 /* kai-tests */ = {isa = PBXFileReference; explicitFileType = "compiled.mach-o.executable"; includeInIndex = 0; path = "kai-tests"; sourceTree = BUILT_PRODUCTS_DIR; };
		5D3CD47C20A327C200600F43 /* hash.c */ = {isa = PBXFileReference; fileEncoding = 4; lastKnownFileType = sourcecode.c.c; name = hash.c; path = src/hash.c; sourceTree = "<group>"; };
		B219499B209B79E0007BB781 /* kai */ = {isa = PBXFileReference; explicitFileType = "compiled.mach-o.executable"; includeInIndex = 0; path = kai; sourceTree = BUILT_PRODUCTS_DIR; };
		B249A255209B80CA0016B49E /* main.cpp */ = {isa = PBXFileReference; fileEncoding = 4; lastKnownFileType = sourcecode.cpp.cpp; name = main.cpp; path = src/main.cpp; sourceTree = "<group>"; };
		B249A257209B80E00016B49E /* checker.c */ = {isa = PBXFileReference; fileEncoding = 4; lastKnownFileType = sourcecode.c.c; name = checker.c; path = src/checker.c; sourceTree = "<group>"; };
		B249A258209B80E00016B49E /* lexer.c */ = {isa = PBXFileReference; fileEncoding = 4; lastKnownFileType = sourcecode.c.c; name = lexer.c; path = src/lexer.c; sourceTree = "<group>"; };
		B249A259209B80E00016B49E /* parser.c */ = {isa = PBXFileReference; fileEncoding = 4; lastKnownFileType = sourcecode.c.c; name = parser.c; path = src/parser.c; sourceTree = "<group>"; };
		B249A25A209B80E00016B49E /* map.cpp */ = {isa = PBXFileReference; fileEncoding = 4; lastKnownFileType = sourcecode.cpp.cpp; name = map.cpp; path = src/map.cpp; sourceTree = "<group>"; };
		B249A25B209B80E00016B49E /* checker.h */ = {isa = PBXFileReference; fileEncoding = 4; lastKnownFileType = sourcecode.c.h; name = checker.h; path = src/checker.h; sourceTree = "<group>"; };
		B249A25C209B80E00016B49E /* common.c */ = {isa = PBXFileReference; fileEncoding = 4; lastKnownFileType = sourcecode.c.c; name = common.c; path = src/common.c; sourceTree = "<group>"; };
		B249A25D209B80E00016B49E /* parser.h */ = {isa = PBXFileReference; fileEncoding = 4; lastKnownFileType = sourcecode.c.h; name = parser.h; path = src/parser.h; sourceTree = "<group>"; };
		B249A25E209B80E00016B49E /* string.cpp */ = {isa = PBXFileReference; fileEncoding = 4; lastKnownFileType = sourcecode.cpp.cpp; name = string.cpp; path = src/string.cpp; sourceTree = "<group>"; };
		B249A25F209B80E00016B49E /* utf.c */ = {isa = PBXFileReference; fileEncoding = 4; lastKnownFileType = sourcecode.c.c; name = utf.c; path = src/utf.c; sourceTree = "<group>"; };
		B249A260209B80E10016B49E /* array.cpp */ = {isa = PBXFileReference; fileEncoding = 4; lastKnownFileType = sourcecode.cpp.cpp; name = array.cpp; path = src/array.cpp; sourceTree = "<group>"; };
/* End PBXFileReference section */

/* Begin PBXFrameworksBuildPhase section */
		5D3CD46120A308C500600F43 /* Frameworks */ = {
			isa = PBXFrameworksBuildPhase;
			buildActionMask = 2147483647;
			files = (
			);
			runOnlyForDeploymentPostprocessing = 0;
		};
		B2194998209B79E0007BB781 /* Frameworks */ = {
			isa = PBXFrameworksBuildPhase;
			buildActionMask = 2147483647;
			files = (
			);
			runOnlyForDeploymentPostprocessing = 0;
		};
/* End PBXFrameworksBuildPhase section */

/* Begin PBXGroup section */
		B2194992209B79E0007BB781 = {
			isa = PBXGroup;
			children = (
				B249A260209B80E10016B49E /* array.cpp */,
				B249A25B209B80E00016B49E /* checker.h */,
				B249A257209B80E00016B49E /* checker.c */,
				B249A25C209B80E00016B49E /* common.c */,
				B249A258209B80E00016B49E /* lexer.c */,
				B249A25A209B80E00016B49E /* map.cpp */,
				B249A25D209B80E00016B49E /* parser.h */,
				B249A259209B80E00016B49E /* parser.c */,
				5D3CD47C20A327C200600F43 /* hash.c */,
				B249A25E209B80E00016B49E /* string.cpp */,
				B249A25F209B80E00016B49E /* utf.c */,
				B249A255209B80CA0016B49E /* main.cpp */,
				B219499C209B79E0007BB781 /* Products */,
			);
			sourceTree = "<group>";
		};
		B219499C209B79E0007BB781 /* Products */ = {
			isa = PBXGroup;
			children = (
				B219499B209B79E0007BB781 /* kai */,
				5D3CD46420A308C500600F43 /* kai-tests */,
			);
			name = Products;
			sourceTree = "<group>";
		};
/* End PBXGroup section */

/* Begin PBXNativeTarget section */
		5D3CD46320A308C500600F43 /* kai-tests */ = {
			isa = PBXNativeTarget;
			buildConfigurationList = 5D3CD46A20A308C500600F43 /* Build configuration list for PBXNativeTarget "kai-tests" */;
			buildPhases = (
				5D3CD46B20A3091000600F43 /* ShellScript */,
				5D3CD46020A308C500600F43 /* Sources */,
				5D3CD46120A308C500600F43 /* Frameworks */,
				5D3CD46220A308C500600F43 /* CopyFiles */,
			);
			buildRules = (
			);
			dependencies = (
			);
			name = "kai-tests";
			productName = "kai-tests";
			productReference = 5D3CD46420A308C500600F43 /* kai-tests */;
			productType = "com.apple.product-type.tool";
		};
		B219499A209B79E0007BB781 /* kai */ = {
			isa = PBXNativeTarget;
			buildConfigurationList = B21949A2209B79E0007BB781 /* Build configuration list for PBXNativeTarget "kai" */;
			buildPhases = (
				B2194997209B79E0007BB781 /* Sources */,
				B2194998209B79E0007BB781 /* Frameworks */,
				B2194999209B79E0007BB781 /* CopyFiles */,
			);
			buildRules = (
			);
			dependencies = (
			);
			name = kai;
			productName = KaiC;
			productReference = B219499B209B79E0007BB781 /* kai */;
			productType = "com.apple.product-type.tool";
		};
/* End PBXNativeTarget section */

/* Begin PBXProject section */
		B2194993209B79E0007BB781 /* Project object */ = {
			isa = PBXProject;
			attributes = {
				LastUpgradeCheck = 0930;
				ORGANIZATIONNAME = "Brett Toomey";
				TargetAttributes = {
					5D3CD46320A308C500600F43 = {
						CreatedOnToolsVersion = 9.3;
					};
					B219499A209B79E0007BB781 = {
						CreatedOnToolsVersion = 9.3;
					};
				};
			};
			buildConfigurationList = B2194996209B79E0007BB781 /* Build configuration list for PBXProject "kai" */;
			compatibilityVersion = "Xcode 9.3";
			developmentRegion = en;
			hasScannedForEncodings = 0;
			knownRegions = (
				en,
			);
			mainGroup = B2194992209B79E0007BB781;
			productRefGroup = B219499C209B79E0007BB781 /* Products */;
			projectDirPath = "";
			projectRoot = "";
			targets = (
				B219499A209B79E0007BB781 /* kai */,
				5D3CD46320A308C500600F43 /* kai-tests */,
			);
		};
/* End PBXProject section */

/* Begin PBXShellScriptBuildPhase section */
		5D3CD46B20A3091000600F43 /* ShellScript */ = {
			isa = PBXShellScriptBuildPhase;
			buildActionMask = 2147483647;
			files = (
			);
			inputPaths = (
			);
			outputPaths = (
			);
			runOnlyForDeploymentPostprocessing = 0;
			shellPath = /bin/sh;
			shellScript = "cd $SRCROOT\n./scripts/gen_test_main.sh > tests.cpp";
		};
/* End PBXShellScriptBuildPhase section */

/* Begin PBXSourcesBuildPhase section */
		5D3CD46020A308C500600F43 /* Sources */ = {
			isa = PBXSourcesBuildPhase;
			buildActionMask = 2147483647;
			files = (
			);
			runOnlyForDeploymentPostprocessing = 0;
		};
		B2194997209B79E0007BB781 /* Sources */ = {
			isa = PBXSourcesBuildPhase;
			buildActionMask = 2147483647;
			files = (
				B249A256209B80CA0016B49E /* main.cpp in Sources */,
			);
			runOnlyForDeploymentPostprocessing = 0;
		};
/* End PBXSourcesBuildPhase section */

/* Begin XCBuildConfiguration section */
		5D3CD46820A308C500600F43 /* Debug */ = {
			isa = XCBuildConfiguration;
			buildSettings = {
				CODE_SIGN_IDENTITY = "Mac Developer";
				CODE_SIGN_STYLE = Automatic;
				DEVELOPMENT_TEAM = 8Q2MVNGX2D;
				GCC_C_LANGUAGE_STANDARD = c11;
				OTHER_CFLAGS = "-DTEST";
				PRODUCT_NAME = "$(TARGET_NAME)";
			};
			name = Debug;
		};
		5D3CD46920A308C500600F43 /* Release */ = {
			isa = XCBuildConfiguration;
			buildSettings = {
				CODE_SIGN_IDENTITY = "Mac Developer";
				CODE_SIGN_STYLE = Automatic;
				DEVELOPMENT_TEAM = 8Q2MVNGX2D;
				GCC_C_LANGUAGE_STANDARD = c11;
				OTHER_CFLAGS = "-DTEST";
				PRODUCT_NAME = "$(TARGET_NAME)";
			};
			name = Release;
		};
		B21949A0209B79E0007BB781 /* Debug */ = {
			isa = XCBuildConfiguration;
			buildSettings = {
				ALWAYS_SEARCH_USER_PATHS = NO;
				CLANG_ANALYZER_NONNULL = YES;
				CLANG_ANALYZER_NUMBER_OBJECT_CONVERSION = YES_AGGRESSIVE;
				CLANG_CXX_LANGUAGE_STANDARD = "gnu++14";
				CLANG_CXX_LIBRARY = "libc++";
				CLANG_ENABLE_MODULES = YES;
				CLANG_ENABLE_OBJC_ARC = YES;
				CLANG_ENABLE_OBJC_WEAK = YES;
				CLANG_WARN_BLOCK_CAPTURE_AUTORELEASING = YES;
				CLANG_WARN_BOOL_CONVERSION = YES;
				CLANG_WARN_COMMA = YES;
				CLANG_WARN_CONSTANT_CONVERSION = YES;
				CLANG_WARN_DEPRECATED_OBJC_IMPLEMENTATIONS = YES;
				CLANG_WARN_DIRECT_OBJC_ISA_USAGE = YES_ERROR;
				CLANG_WARN_DOCUMENTATION_COMMENTS = YES;
				CLANG_WARN_EMPTY_BODY = YES;
				CLANG_WARN_ENUM_CONVERSION = YES;
				CLANG_WARN_INFINITE_RECURSION = YES;
				CLANG_WARN_INT_CONVERSION = YES;
				CLANG_WARN_NON_LITERAL_NULL_CONVERSION = YES;
				CLANG_WARN_OBJC_IMPLICIT_RETAIN_SELF = YES;
				CLANG_WARN_OBJC_LITERAL_CONVERSION = YES;
				CLANG_WARN_OBJC_ROOT_CLASS = YES_ERROR;
				CLANG_WARN_RANGE_LOOP_ANALYSIS = YES;
				CLANG_WARN_STRICT_PROTOTYPES = YES;
				CLANG_WARN_SUSPICIOUS_MOVE = YES;
				CLANG_WARN_UNGUARDED_AVAILABILITY = YES_AGGRESSIVE;
				CLANG_WARN_UNREACHABLE_CODE = YES;
				CLANG_WARN__DUPLICATE_METHOD_MATCH = YES;
				CODE_SIGN_IDENTITY = "-";
				COPY_PHASE_STRIP = NO;
				DEBUG_INFORMATION_FORMAT = dwarf;
				ENABLE_STRICT_OBJC_MSGSEND = YES;
				ENABLE_TESTABILITY = YES;
				GCC_C_LANGUAGE_STANDARD = gnu11;
				GCC_DYNAMIC_NO_PIC = NO;
				GCC_NO_COMMON_BLOCKS = YES;
				GCC_OPTIMIZATION_LEVEL = 0;
				GCC_PREPROCESSOR_DEFINITIONS = (
					"DEBUG=1",
					"$(inherited)",
				);
				GCC_WARN_64_TO_32_BIT_CONVERSION = YES;
				GCC_WARN_ABOUT_RETURN_TYPE = YES_ERROR;
				GCC_WARN_UNDECLARED_SELECTOR = YES;
				GCC_WARN_UNINITIALIZED_AUTOS = YES_AGGRESSIVE;
				GCC_WARN_UNUSED_FUNCTION = YES;
				GCC_WARN_UNUSED_VARIABLE = YES;
				MACOSX_DEPLOYMENT_TARGET = 10.13;
				MTL_ENABLE_DEBUG_INFO = YES;
				ONLY_ACTIVE_ARCH = YES;
				SDKROOT = macosx;
			};
			name = Debug;
		};
		B21949A1209B79E0007BB781 /* Release */ = {
			isa = XCBuildConfiguration;
			buildSettings = {
				ALWAYS_SEARCH_USER_PATHS = NO;
				CLANG_ANALYZER_NONNULL = YES;
				CLANG_ANALYZER_NUMBER_OBJECT_CONVERSION = YES_AGGRESSIVE;
				CLANG_CXX_LANGUAGE_STANDARD = "gnu++14";
				CLANG_CXX_LIBRARY = "libc++";
				CLANG_ENABLE_MODULES = YES;
				CLANG_ENABLE_OBJC_ARC = YES;
				CLANG_ENABLE_OBJC_WEAK = YES;
				CLANG_WARN_BLOCK_CAPTURE_AUTORELEASING = YES;
				CLANG_WARN_BOOL_CONVERSION = YES;
				CLANG_WARN_COMMA = YES;
				CLANG_WARN_CONSTANT_CONVERSION = YES;
				CLANG_WARN_DEPRECATED_OBJC_IMPLEMENTATIONS = YES;
				CLANG_WARN_DIRECT_OBJC_ISA_USAGE = YES_ERROR;
				CLANG_WARN_DOCUMENTATION_COMMENTS = YES;
				CLANG_WARN_EMPTY_BODY = YES;
				CLANG_WARN_ENUM_CONVERSION = YES;
				CLANG_WARN_INFINITE_RECURSION = YES;
				CLANG_WARN_INT_CONVERSION = YES;
				CLANG_WARN_NON_LITERAL_NULL_CONVERSION = YES;
				CLANG_WARN_OBJC_IMPLICIT_RETAIN_SELF = YES;
				CLANG_WARN_OBJC_LITERAL_CONVERSION = YES;
				CLANG_WARN_OBJC_ROOT_CLASS = YES_ERROR;
				CLANG_WARN_RANGE_LOOP_ANALYSIS = YES;
				CLANG_WARN_STRICT_PROTOTYPES = YES;
				CLANG_WARN_SUSPICIOUS_MOVE = YES;
				CLANG_WARN_UNGUARDED_AVAILABILITY = YES_AGGRESSIVE;
				CLANG_WARN_UNREACHABLE_CODE = YES;
				CLANG_WARN__DUPLICATE_METHOD_MATCH = YES;
				CODE_SIGN_IDENTITY = "-";
				COPY_PHASE_STRIP = NO;
				DEBUG_INFORMATION_FORMAT = "dwarf-with-dsym";
				ENABLE_NS_ASSERTIONS = NO;
				ENABLE_STRICT_OBJC_MSGSEND = YES;
				GCC_C_LANGUAGE_STANDARD = gnu11;
				GCC_NO_COMMON_BLOCKS = YES;
				GCC_WARN_64_TO_32_BIT_CONVERSION = YES;
				GCC_WARN_ABOUT_RETURN_TYPE = YES_ERROR;
				GCC_WARN_UNDECLARED_SELECTOR = YES;
				GCC_WARN_UNINITIALIZED_AUTOS = YES_AGGRESSIVE;
				GCC_WARN_UNUSED_FUNCTION = YES;
				GCC_WARN_UNUSED_VARIABLE = YES;
				MACOSX_DEPLOYMENT_TARGET = 10.13;
				MTL_ENABLE_DEBUG_INFO = NO;
				SDKROOT = macosx;
			};
			name = Release;
		};
		B21949A3209B79E0007BB781 /* Debug */ = {
			isa = XCBuildConfiguration;
			buildSettings = {
				CODE_SIGN_STYLE = Automatic;
				GCC_C_LANGUAGE_STANDARD = c11;
				OTHER_CFLAGS = (
					"-g",
					"-O0",
					"-DDEBUG",
					"-DDIAGNOSTICS",
					"-DSLOW",
				);
				OTHER_CPLUSPLUSFLAGS = (
					"$(OTHER_CFLAGS)",
					"-Wno-writable-strings",
					"-Wno-switch",
				);
				PRODUCT_NAME = "$(TARGET_NAME)";
			};
			name = Debug;
		};
		B21949A4209B79E0007BB781 /* Release */ = {
			isa = XCBuildConfiguration;
			buildSettings = {
				CODE_SIGN_STYLE = Automatic;
				GCC_C_LANGUAGE_STANDARD = c11;
				OTHER_CFLAGS = (
					"-O3",
					"-march=native",
					"-DRELEASE",
					"-DFAST",
				);
				OTHER_CPLUSPLUSFLAGS = (
					"$(OTHER_CFLAGS)",
					"-Wno-writable-strings",
					"-Wno-switch",
				);
				PRODUCT_NAME = "$(TARGET_NAME)";
			};
			name = Release;
		};
/* End XCBuildConfiguration section */

/* Begin XCConfigurationList section */
		5D3CD46A20A308C500600F43 /* Build configuration list for PBXNativeTarget "kai-tests" */ = {
			isa = XCConfigurationList;
			buildConfigurations = (
				5D3CD46820A308C500600F43 /* Debug */,
				5D3CD46920A308C500600F43 /* Release */,
			);
			defaultConfigurationIsVisible = 0;
			defaultConfigurationName = Release;
		};
		B2194996209B79E0007BB781 /* Build configuration list for PBXProject "kai" */ = {
			isa = XCConfigurationList;
			buildConfigurations = (
				B21949A0209B79E0007BB781 /* Debug */,
				B21949A1209B79E0007BB781 /* Release */,
			);
			defaultConfigurationIsVisible = 0;
			defaultConfigurationName = Release;
		};
		B21949A2209B79E0007BB781 /* Build configuration list for PBXNativeTarget "kai" */ = {
			isa = XCConfigurationList;
			buildConfigurations = (
				B21949A3209B79E0007BB781 /* Debug */,
				B21949A4209B79E0007BB781 /* Release */,
			);
			defaultConfigurationIsVisible = 0;
			defaultConfigurationName = Release;
		};
/* End XCConfigurationList section */
	};
	rootObject = B2194993209B79E0007BB781 /* Project object */;
}
